Microsoft Visual Studio Solution File, Format Version 12.00
# Visual Studio Version 17
VisualStudioVersion = 17.5.002.0
MinimumVisualStudioVersion = 10.0.40219.1
Project("{9A19103F-16F7-4668-BE54-9A1E7A4F7556}") = "GoForSound", "GoForSound.csproj", "{24C252D0-D6F9-4394-878C-34A469F62211}"
EndProject
Global
	GlobalSection(SolutionConfigurationPlatforms) = preSolution
		Debug|Any CPU = Debug|Any CPU
		Release|Any CPU = Release|Any CPU
	EndGlobalSection
	GlobalSection(ProjectConfigurationPlatforms) = postSolution
		{24C252D0-D6F9-4394-878C-34A469F62211}.Debug|Any CPU.ActiveCfg = Debug|Any CPU
		{24C252D0-D6F9-4394-878C-34A469F62211}.Debug|Any CPU.Build.0 = Debug|Any CPU
		{24C252D0-D6F9-4394-878C-34A469F62211}.Release|Any CPU.ActiveCfg = Release|Any CPU
		{24C252D0-D6F9-4394-878C-34A469F62211}.Release|Any CPU.Build.0 = Release|Any CPU
	EndGlobalSection
	GlobalSection(SolutionProperties) = preSolution
		HideSolutionNode = FALSE
	EndGlobalSection
	GlobalSection(ExtensibilityGlobals) = postSolution
		SolutionGuid = {4371CA0D-575F-4FA8-966E-499B6A3841E0}
	EndGlobalSection
EndGlobal